
Microsoft Visual Studio Solution File, Format Version 12.00
# Visual Studio Version 16
VisualStudioVersion = 16.0.33214.272
MinimumVisualStudioVersion = 10.0.40219.1
Project("{FAE04EC0-301F-11D3-BF4B-00C04F79EFBC}") = "ConsoleApp4", "ConsoleApp4\ConsoleApp4.csproj", "{8A5B7D9E-D765-41C1-AC2A-FE05D909DB3B}"
EndProject
Global
	GlobalSection(SolutionConfigurationPlatforms) = preSolution
		Debug|Any CPU = Debug|Any CPU
		Release|Any CPU = Release|Any CPU
	EndGlobalSection
	GlobalSection(ProjectConfigurationPlatforms) = postSolution
		{8A5B7D9E-D765-41C1-AC2A-FE05D909DB3B}.Debug|Any CPU.ActiveCfg = Debug|Any CPU
		{8A5B7D9E-D765-41C1-AC2A-FE05D909DB3B}.Debug|Any CPU.Build.0 = Debug|Any CPU
		{8A5B7D9E-D765-41C1-AC2A-FE05D909DB3B}.Release|Any CPU.ActiveCfg = Release|Any CPU
		{8A5B7D9E-D765-41C1-AC2A-FE05D909DB3B}.Release|Any CPU.Build.0 = Release|Any CPU
	EndGlobalSection
	GlobalSection(SolutionProperties) = preSolution
		HideSolutionNode = FALSE
	EndGlobalSection
	GlobalSection(ExtensibilityGlobals) = postSolution
		SolutionGuid = {BF3D5405-48D9-4A87-A5CB-878585300EAC}
	EndGlobalSection
EndGlobal
